
Microsoft Visual Studio Solution File, Format Version 12.00
# Visual Studio Version 17
VisualStudioVersion = 17.4.33122.133
MinimumVisualStudioVersion = 10.0.40219.1
Project("{9A19103F-16F7-4668-BE54-9A1E7A4F7556}") = "LozengeMenu", "LozengeMenu\LozengeMenu.csproj", "{C1CEE852-7832-425F-91F3-CD5ECD82BF7E}"
EndProject
Project("{2150E333-8FDC-42A3-9474-1A3956D46DE8}") = "Documentation", "Documentation", "{62C63134-50F8-4F85-81B7-B384A50E4D4B}"
	ProjectSection(SolutionItems) = preProject
		LICENSE.txt = LICENSE.txt
		README.md = README.md
	EndProjectSection
EndProject
Global
	GlobalSection(SolutionConfigurationPlatforms) = preSolution
		Debug|Any CPU = Debug|Any CPU
		Debug|x64 = Debug|x64
		Release|Any CPU = Release|Any CPU
		Release|x64 = Release|x64
	EndGlobalSection
	GlobalSection(ProjectConfigurationPlatforms) = postSolution
		{C1CEE852-7832-425F-91F3-CD5ECD82BF7E}.Debug|Any CPU.ActiveCfg = Debug|Any CPU
		{C1CEE852-7832-425F-91F3-CD5ECD82BF7E}.Debug|Any CPU.Build.0 = Debug|Any CPU
		{C1CEE852-7832-425F-91F3-CD5ECD82BF7E}.Debug|x64.ActiveCfg = Debug|Any CPU
		{C1CEE852-7832-425F-91F3-CD5ECD82BF7E}.Debug|x64.Build.0 = Debug|Any CPU
		{C1CEE852-7832-425F-91F3-CD5ECD82BF7E}.Release|Any CPU.ActiveCfg = Release|Any CPU
		{C1CEE852-7832-425F-91F3-CD5ECD82BF7E}.Release|Any CPU.Build.0 = Release|Any CPU
		{C1CEE852-7832-425F-91F3-CD5ECD82BF7E}.Release|x64.ActiveCfg = Release|x64
		{C1CEE852-7832-425F-91F3-CD5ECD82BF7E}.Release|x64.Build.0 = Release|x64
	EndGlobalSection
	GlobalSection(SolutionProperties) = preSolution
		HideSolutionNode = FALSE
	EndGlobalSection
	GlobalSection(ExtensibilityGlobals) = postSolution
		SolutionGuid = {21BD653A-A7C5-4496-9AB3-706200EAB940}
	EndGlobalSection
EndGlobal
